
Microsoft Visual Studio Solution File, Format Version 12.00
# Visual Studio Version 17
VisualStudioVersion = 17.0.31903.59
MinimumVisualStudioVersion = 10.0.40219.1
Project("{2150E333-8FDC-42A3-9474-1A3956D46DE8}") = "src", "src", "{1576CE02-F028-4A0B-8F8A-70B25C4D4215}"
EndProject
Project("{FAE04EC0-301F-11D3-BF4B-00C04F79EFBC}") = "MacBridgeWin.App", "src\MacBridgeWin.App\MacBridgeWin.App.csproj", "{B73D8D3D-3992-4EAA-9732-7CC174355EF4}"
EndProject
Project("{FAE04EC0-301F-11D3-BF4B-00C04F79EFBC}") = "MacBridgeWin.Core", "src\MacBridgeWin.Core\MacBridgeWin.Core.csproj", "{AFCA34C0-156A-4DF8-916C-A0C9AC63F8CE}"
EndProject
Project("{2150E333-8FDC-42A3-9474-1A3956D46DE8}") = "tests", "tests", "{E8EB75A2-BD14-4E11-85D0-3D3995FDB5C3}"
EndProject
Project("{FAE04EC0-301F-11D3-BF4B-00C04F79EFBC}") = "MacBridgeWin.Tests", "tests\MacBridgeWin.Tests\MacBridgeWin.Tests.csproj", "{C7B1374A-8081-433A-AF38-9059C3A61C43}"
EndProject
Global
	GlobalSection(SolutionConfigurationPlatforms) = preSolution
		Debug|Any CPU = Debug|Any CPU
		Release|Any CPU = Release|Any CPU
	EndGlobalSection
	GlobalSection(SolutionProperties) = preSolution
		HideSolutionNode = FALSE
	EndGlobalSection
	GlobalSection(ProjectConfigurationPlatforms) = postSolution
		{B73D8D3D-3992-4EAA-9732-7CC174355EF4}.Debug|Any CPU.ActiveCfg = Debug|Any CPU
		{B73D8D3D-3992-4EAA-9732-7CC174355EF4}.Debug|Any CPU.Build.0 = Debug|Any CPU
		{B73D8D3D-3992-4EAA-9732-7CC174355EF4}.Release|Any CPU.ActiveCfg = Release|Any CPU
		{B73D8D3D-3992-4EAA-9732-7CC174355EF4}.Release|Any CPU.Build.0 = Release|Any CPU
		{AFCA34C0-156A-4DF8-916C-A0C9AC63F8CE}.Debug|Any CPU.ActiveCfg = Debug|Any CPU
		{AFCA34C0-156A-4DF8-916C-A0C9AC63F8CE}.Debug|Any CPU.Build.0 = Debug|Any CPU
		{AFCA34C0-156A-4DF8-916C-A0C9AC63F8CE}.Release|Any CPU.ActiveCfg = Release|Any CPU
		{AFCA34C0-156A-4DF8-916C-A0C9AC63F8CE}.Release|Any CPU.Build.0 = Release|Any CPU
		{C7B1374A-8081-433A-AF38-9059C3A61C43}.Debug|Any CPU.ActiveCfg = Debug|Any CPU
		{C7B1374A-8081-433A-AF38-9059C3A61C43}.Debug|Any CPU.Build.0 = Debug|Any CPU
		{C7B1374A-8081-433A-AF38-9059C3A61C43}.Release|Any CPU.ActiveCfg = Release|Any CPU
		{C7B1374A-8081-433A-AF38-9059C3A61C43}.Release|Any CPU.Build.0 = Release|Any CPU
	EndGlobalSection
	GlobalSection(NestedProjects) = preSolution
		{B73D8D3D-3992-4EAA-9732-7CC174355EF4} = {1576CE02-F028-4A0B-8F8A-70B25C4D4215}
		{AFCA34C0-156A-4DF8-916C-A0C9AC63F8CE} = {1576CE02-F028-4A0B-8F8A-70B25C4D4215}
		{C7B1374A-8081-433A-AF38-9059C3A61C43} = {E8EB75A2-BD14-4E11-85D0-3D3995FDB5C3}
	EndGlobalSection
EndGlobal
